// !$*UTF8*$!
{
	archiveVersion = 1;
	classes = {
	};
	objectVersion = 46;
	objects = {
/* Begin PBXBuildFile section */
		0207DA581B56EA530066E2B4 /* Images.xcassets in Resources */ = {isa = PBXBuildFile; fileRef = 0207DA571B56EA530066E2B4 /* Images.xcassets */; };
		1D3623260D0F684500981E51 /* AppDelegate.m in Sources */ = {isa = PBXBuildFile; fileRef = 1D3623250D0F684500981E51 /* AppDelegate.m */; };
		1D60589B0D05DD56006BFB54 /* main.m in Sources */ = {isa = PBXBuildFile; fileRef = 29B97316FDCFA39411CA2CEA /* main.m */; };
		301BF552109A68D80062928A /* libCordova.a in Frameworks */ = {isa = PBXBuildFile; fileRef = 301BF535109A57CC0062928A /* libCordova.a */; };
		302D95F114D2391D003F00A1 /* MainViewController.m in Sources */ = {isa = PBXBuildFile; fileRef = 302D95EF14D2391D003F00A1 /* MainViewController.m */; };
		302D95F214D2391D003F00A1 /* MainViewController.xib in Resources */ = {isa = PBXBuildFile; fileRef = 302D95F014D2391D003F00A1 /* MainViewController.xib */; };
		3047A5121AB8059700498E2A /* build-debug.xcconfig in Resources */ = {isa = PBXBuildFile; fileRef = 3047A50F1AB8059700498E2A /* build-debug.xcconfig */; };
		3047A5131AB8059700498E2A /* build-release.xcconfig in Resources */ = {isa = PBXBuildFile; fileRef = 3047A5101AB8059700498E2A /* build-release.xcconfig */; };
		3047A5141AB8059700498E2A /* build.xcconfig in Resources */ = {isa = PBXBuildFile; fileRef = 3047A5111AB8059700498E2A /* build.xcconfig */; };
		6AFF5BF91D6E424B00AB3073 /* CDVLaunchScreen.storyboard in Resources */ = {isa = PBXBuildFile; fileRef = 6AFF5BF81D6E424B00AB3073 /* CDVLaunchScreen.storyboard */; };
		1568C3895F204C79A60C8918 /* CDVBattery.m in Sources */ = {isa = PBXBuildFile; fileRef = E42DC5A5D64142D681166FBE /* CDVBattery.m */; };
		9E79B94B79D5443AA761ADF5 /* UIImage+CropScaleOrientation.m in Sources */ = {isa = PBXBuildFile; fileRef = BE478D86EB5A4AF4B9F87CB2 /* UIImage+CropScaleOrientation.m */; };
		C39B4FDB2CD2443CB95FB865 /* CDVCamera.m in Sources */ = {isa = PBXBuildFile; fileRef = ABD9BF437DE844C587B4FB9E /* CDVCamera.m */; };
		2E44824175C3436EB8187AD2 /* CDVJpegHeaderWriter.m in Sources */ = {isa = PBXBuildFile; fileRef = F4FAEF4B282D444B85EC3404 /* CDVJpegHeaderWriter.m */; };
		3BD410F582CA496EA80658F9 /* ImageIO.framework in Frameworks */ = {isa = PBXBuildFile; fileRef = 251FF2E00A8246D081790CEB /* ImageIO.framework */; settings = {ATTRIBUTES = (Weak, ); }; };
		51E6763E1102485C94D91685 /* CoreLocation.framework in Frameworks */ = {isa = PBXBuildFile; fileRef = 8D03899938F5467299D4125B /* CoreLocation.framework */; };
		F5A494810DFE4BD8B285B473 /* AVFoundation.framework in Frameworks */ = {isa = PBXBuildFile; fileRef = 996B0886907145EFA18596E0 /* AVFoundation.framework */; };
		DA945F4295C54CC4B57B236D /* CDVLogger.m in Sources */ = {isa = PBXBuildFile; fileRef = ED1FB03412C14FCE971A400D /* CDVLogger.m */; };
		90B15BBEDB294810A2810BB5 /* CDVContacts.m in Sources */ = {isa = PBXBuildFile; fileRef = FA4A51B63CAB441F89999BBF /* CDVContacts.m */; };
		F64B18EDF33A455C9BCECBB9 /* CDVContact.m in Sources */ = {isa = PBXBuildFile; fileRef = F8FC6A635E604CDB8891EF8F /* CDVContact.m */; };
		58DCF01F5EC84DCEB4E3AF02 /* AddressBook.framework in Frameworks */ = {isa = PBXBuildFile; fileRef = D58D0006C7DA49B885E3A4EE /* AddressBook.framework */; settings = {ATTRIBUTES = (Weak, ); }; };
		BACC5AF8F54D475494649691 /* AddressBookUI.framework in Frameworks */ = {isa = PBXBuildFile; fileRef = 1CB8494337A04376B2A99B10 /* AddressBookUI.framework */; settings = {ATTRIBUTES = (Weak, ); }; };
		A2C19A1469E34D0F93D186C0 /* CDVDevice.m in Sources */ = {isa = PBXBuildFile; fileRef = AB2CB4633B6C48AF8D1A7BDD /* CDVDevice.m */; };
		880FD322AF18485F9F4D9BCD /* CDVAccelerometer.m in Sources */ = {isa = PBXBuildFile; fileRef = F143148B0092463397FF2265 /* CDVAccelerometer.m */; };
		00441ADBA7AE4669BD94CBC4 /* CoreMotion.framework in Frameworks */ = {isa = PBXBuildFile; fileRef = 863F8804490947CDBD20F882 /* CoreMotion.framework */; };
		024C45646A484372B8D720BA /* CDVCompass.m in Sources */ = {isa = PBXBuildFile; fileRef = 54F15E29E23E4B9F92E4BDE2 /* CDVCompass.m */; };
		CD115C4E929443E79CD61CC5 /* CDVNotification.m in Sources */ = {isa = PBXBuildFile; fileRef = 14B9437A4F5F4551A46F6648 /* CDVNotification.m */; };
		D6E73AD0B7124B888A4C2225 /* CDVNotification.bundle in Resources */ = {isa = PBXBuildFile; fileRef = 858242828EB14550BAF927C1 /* CDVNotification.bundle */; };
		6CD8A9047AA946238724FA84 /* AudioToolbox.framework in Frameworks */ = {isa = PBXBuildFile; fileRef = CD8B812D24F640C0B937408E /* AudioToolbox.framework */; settings = {ATTRIBUTES = (Weak, ); }; };
		1E3B91B9C799410E97D0D045 /* CDVFile.m in Sources */ = {isa = PBXBuildFile; fileRef = 989A5312F40C4B1784901152 /* CDVFile.m */; };
		5B760D25B61A4280A5A0C33E /* CDVLocalFilesystem.m in Sources */ = {isa = PBXBuildFile; fileRef = 8AFF085BBFF04890B46A1A92 /* CDVLocalFilesystem.m */; };
		8BEF4ADA82ED4D66BA190324 /* CDVAssetLibraryFilesystem.m in Sources */ = {isa = PBXBuildFile; fileRef = 16F16E35031A4A5882CB45D0 /* CDVAssetLibraryFilesystem.m */; };
		96BD6088FFF143F083325B09 /* CDVFileTransfer.m in Sources */ = {isa = PBXBuildFile; fileRef = 80061F8461214E04AFDC1BAE /* CDVFileTransfer.m */; };
		B5F78D22F0D442E6BF4CD487 /* CDVLocation.m in Sources */ = {isa = PBXBuildFile; fileRef = 456A100139034F93B1071BB7 /* CDVLocation.m */; };
		F6C22EA88778492B8313E852 /* CDVGlobalization.m in Sources */ = {isa = PBXBuildFile; fileRef = B344F78AB4134338BB42CC0C /* CDVGlobalization.m */; };
		77E0ECA4B4114EECB5FB5390 /* CDVInAppBrowser.m in Sources */ = {isa = PBXBuildFile; fileRef = 8359FE46D6EA45EDA8DC9DBC /* CDVInAppBrowser.m */; };
		FB476AD9FBB94FBFBF59CDCA /* CDVSound.m in Sources */ = {isa = PBXBuildFile; fileRef = 0E81D6D5A168495B95FABC2D /* CDVSound.m */; };
		CBB55123B59541C6B5E123B7 /* CDVCapture.m in Sources */ = {isa = PBXBuildFile; fileRef = BB12479BC6A344EB9119CA14 /* CDVCapture.m */; };
		E29E97C08F764645B560E215 /* CDVCapture.bundle in Resources */ = {isa = PBXBuildFile; fileRef = 96315E8C98B1432E93D4E290 /* CDVCapture.bundle */; };
		00623AE503484CA5AA22C77A /* CDVConnection.m in Sources */ = {isa = PBXBuildFile; fileRef = 58842BE86F0848BF89314A2C /* CDVConnection.m */; };
		445586A89F894C9B8DEFA07B /* CDVReachability.m in Sources */ = {isa = PBXBuildFile; fileRef = 4E2FC8DF9AB64BBAB722F954 /* CDVReachability.m */; };
		67B61BD6834D4F33B46D7A13 /* SystemConfiguration.framework in Frameworks */ = {isa = PBXBuildFile; fileRef = 1BC6F7BA682048759F66A5AA /* SystemConfiguration.framework */; settings = {ATTRIBUTES = (Weak, ); }; };
		B38A21989F6045DBA95E694B /* CoreTelephony.framework in Frameworks */ = {isa = PBXBuildFile; fileRef = 7F4C09AAF3CC4FCE9B789BF6 /* CoreTelephony.framework */; };
		0D551D74805146878FFD8783 /* CDVSplashScreen.m in Sources */ = {isa = PBXBuildFile; fileRef = 937BE4D0D1444A05B7135DA2 /* CDVSplashScreen.m */; };
		EF293B9E61744FC3A8CF22BE /* CDVViewController+SplashScreen.m in Sources */ = {isa = PBXBuildFile; fileRef = FBEEF5F4678C4A2EB1C2D6D1 /* CDVViewController+SplashScreen.m */; };
		5D108200FE4B48D5ADC212BB /* CDVStatusBar.m in Sources */ = {isa = PBXBuildFile; fileRef = 40C3DC474A4A4F669DE1FE99 /* CDVStatusBar.m */; };
		2B1D331C74B0482EBE402F1B /* CDVVibration.m in Sources */ = {isa = PBXBuildFile; fileRef = 3B43C87503FC4BD6AC29A5B8 /* CDVVibration.m */; };
/* End PBXBuildFile section */

/* Begin PBXContainerItemProxy section */
		301BF534109A57CC0062928A /* PBXContainerItemProxy */ = {
			isa = PBXContainerItemProxy;
			containerPortal = 301BF52D109A57CC0062928A /* CordovaLib.xcodeproj */;
			proxyType = 2;
			remoteGlobalIDString = D2AAC07E0554694100DB518D;
			remoteInfo = CordovaLib;
		};
		301BF550109A68C00062928A /* PBXContainerItemProxy */ = {
			isa = PBXContainerItemProxy;
			containerPortal = 301BF52D109A57CC0062928A /* CordovaLib.xcodeproj */;
			proxyType = 1;
			remoteGlobalIDString = D2AAC07D0554694100DB518D;
			remoteInfo = CordovaLib;
		};
/* End PBXContainerItemProxy section */

/* Begin PBXFileReference section */
		0207DA571B56EA530066E2B4 /* Images.xcassets */ = {isa = PBXFileReference; lastKnownFileType = folder.assetcatalog; name = Images.xcassets; path = "Phonegap Vueify/Images.xcassets"; sourceTree = SOURCE_ROOT; };
		1D3623240D0F684500981E51 /* AppDelegate.h */ = {isa = PBXFileReference; fileEncoding = 4; lastKnownFileType = sourcecode.c.h; path = AppDelegate.h; sourceTree = "<group>"; };
		1D3623250D0F684500981E51 /* AppDelegate.m */ = {isa = PBXFileReference; fileEncoding = 4; lastKnownFileType = sourcecode.c.objc; path = AppDelegate.m; sourceTree = "<group>"; };
		1D6058910D05DD3D006BFB54 /* Phonegap Vueify.app */ = {isa = PBXFileReference; explicitFileType = wrapper.application; includeInIndex = 0; path = "Phonegap Vueify.app"; sourceTree = BUILT_PRODUCTS_DIR; };
		29B97316FDCFA39411CA2CEA /* main.m */ = {isa = PBXFileReference; fileEncoding = 4; lastKnownFileType = sourcecode.c.objc; path = main.m; sourceTree = "<group>"; };
		301BF52D109A57CC0062928A /* CordovaLib.xcodeproj */ = {isa = PBXFileReference; lastKnownFileType = "wrapper.pb-project"; name = CordovaLib.xcodeproj; path = CordovaLib/CordovaLib.xcodeproj; sourceTree = "<group>"; };
		301BF56E109A69640062928A /* www */ = {isa = PBXFileReference; lastKnownFileType = folder; path = www; sourceTree = SOURCE_ROOT; };
		302D95EE14D2391D003F00A1 /* MainViewController.h */ = {isa = PBXFileReference; fileEncoding = 4; lastKnownFileType = sourcecode.c.h; path = MainViewController.h; sourceTree = "<group>"; };
		302D95EF14D2391D003F00A1 /* MainViewController.m */ = {isa = PBXFileReference; fileEncoding = 4; lastKnownFileType = sourcecode.c.objc; path = MainViewController.m; sourceTree = "<group>"; };
		302D95F014D2391D003F00A1 /* MainViewController.xib */ = {isa = PBXFileReference; fileEncoding = 4; lastKnownFileType = file.xib; path = MainViewController.xib; sourceTree = "<group>"; };
		3047A50F1AB8059700498E2A /* build-debug.xcconfig */ = {isa = PBXFileReference; fileEncoding = 4; lastKnownFileType = text.xcconfig; name = "build-debug.xcconfig"; path = cordova/build-debug.xcconfig; sourceTree = SOURCE_ROOT; };
		3047A5101AB8059700498E2A /* build-release.xcconfig */ = {isa = PBXFileReference; fileEncoding = 4; lastKnownFileType = text.xcconfig; name = "build-release.xcconfig"; path = cordova/build-release.xcconfig; sourceTree = SOURCE_ROOT; };
		3047A5111AB8059700498E2A /* build.xcconfig */ = {isa = PBXFileReference; fileEncoding = 4; lastKnownFileType = text.xcconfig; name = build.xcconfig; path = cordova/build.xcconfig; sourceTree = SOURCE_ROOT; };
		32CA4F630368D1EE00C91783 /* Phonegap Vueify-Prefix.pch */ = {isa = PBXFileReference; fileEncoding = 4; lastKnownFileType = sourcecode.c.h; path = "Phonegap Vueify-Prefix.pch"; sourceTree = "<group>"; };
		6AFF5BF81D6E424B00AB3073 /* CDVLaunchScreen.storyboard */ = {isa = PBXFileReference; fileEncoding = 4; lastKnownFileType = file.storyboard; name = CDVLaunchScreen.storyboard; path = "Phonegap Vueify/CDVLaunchScreen.storyboard"; sourceTree = SOURCE_ROOT; };
		8D1107310486CEB800E47090 /* Phonegap Vueify-Info.plist */ = {isa = PBXFileReference; fileEncoding = 4; lastKnownFileType = text.plist.xml; name = "Phonegap Vueify-Info.plist"; path = "Phonegap Vueify/Phonegap Vueify-Info.plist"; plistStructureDefinitionIdentifier = "com.apple.xcode.plist.structure-definition.iphone.info-plist"; sourceTree = SOURCE_ROOT; };
		EB87FDF31871DA8E0020F90C /* www */ = {isa = PBXFileReference; lastKnownFileType = folder; name = www; path = ../../www; sourceTree = "<group>"; };
		EB87FDF41871DAF40020F90C /* config.xml */ = {isa = PBXFileReference; lastKnownFileType = text.xml; name = config.xml; path = ../../config.xml; sourceTree = "<group>"; };
		F840E1F0165FE0F500CFE078 /* config.xml */ = {isa = PBXFileReference; lastKnownFileType = text.xml; name = config.xml; path = "Phonegap Vueify/config.xml"; sourceTree = "<group>"; };
		ED33DF2A687741AEAF9F8254 /* Bridging-Header.h */ = {isa = PBXFileReference; fileEncoding = 4; lastKnownFileType = sourcecode.c.h; name = "Bridging-Header.h"; path = "Bridging-Header.h"; sourceTree = "<group>"; };
		E42DC5A5D64142D681166FBE /* CDVBattery.m */ = {isa = PBXFileReference; name = "CDVBattery.m"; path = "cordova-plugin-battery-status/CDVBattery.m"; sourceTree = "<group>"; fileEncoding = 4; lastKnownFileType = sourcecode.c.objc; explicitFileType = undefined; includeInIndex = 0; };
		A3972F967708406A9A2FA5CA /* CDVBattery.h */ = {isa = PBXFileReference; name = "CDVBattery.h"; path = "cordova-plugin-battery-status/CDVBattery.h"; sourceTree = "<group>"; fileEncoding = 4; lastKnownFileType = sourcecode.c.h; explicitFileType = undefined; includeInIndex = 0; };
		BE478D86EB5A4AF4B9F87CB2 /* UIImage+CropScaleOrientation.m */ = {isa = PBXFileReference; name = "UIImage+CropScaleOrientation.m"; path = "cordova-plugin-camera/UIImage+CropScaleOrientation.m"; sourceTree = "<group>"; fileEncoding = 4; lastKnownFileType = sourcecode.c.objc; explicitFileType = undefined; includeInIndex = 0; };
		ABD9BF437DE844C587B4FB9E /* CDVCamera.m */ = {isa = PBXFileReference; name = "CDVCamera.m"; path = "cordova-plugin-camera/CDVCamera.m"; sourceTree = "<group>"; fileEncoding = 4; lastKnownFileType = sourcecode.c.objc; explicitFileType = undefined; includeInIndex = 0; };
		F4FAEF4B282D444B85EC3404 /* CDVJpegHeaderWriter.m */ = {isa = PBXFileReference; name = "CDVJpegHeaderWriter.m"; path = "cordova-plugin-camera/CDVJpegHeaderWriter.m"; sourceTree = "<group>"; fileEncoding = 4; lastKnownFileType = sourcecode.c.objc; explicitFileType = undefined; includeInIndex = 0; };
		529D1370321C4272911D4E99 /* UIImage+CropScaleOrientation.h */ = {isa = PBXFileReference; name = "UIImage+CropScaleOrientation.h"; path = "cordova-plugin-camera/UIImage+CropScaleOrientation.h"; sourceTree = "<group>"; fileEncoding = 4; lastKnownFileType = sourcecode.c.h; explicitFileType = undefined; includeInIndex = 0; };
		FF2A390DADC14797B444F146 /* CDVCamera.h */ = {isa = PBXFileReference; name = "CDVCamera.h"; path = "cordova-plugin-camera/CDVCamera.h"; sourceTree = "<group>"; fileEncoding = 4; lastKnownFileType = sourcecode.c.h; explicitFileType = undefined; includeInIndex = 0; };
		E232C47918814E8B8A228ED8 /* CDVJpegHeaderWriter.h */ = {isa = PBXFileReference; name = "CDVJpegHeaderWriter.h"; path = "cordova-plugin-camera/CDVJpegHeaderWriter.h"; sourceTree = "<group>"; fileEncoding = 4; lastKnownFileType = sourcecode.c.h; explicitFileType = undefined; includeInIndex = 0; };
		4605ACF8F88841328BBD225C /* CDVExif.h */ = {isa = PBXFileReference; name = "CDVExif.h"; path = "cordova-plugin-camera/CDVExif.h"; sourceTree = "<group>"; fileEncoding = 4; lastKnownFileType = sourcecode.c.h; explicitFileType = undefined; includeInIndex = 0; };
		251FF2E00A8246D081790CEB /* ImageIO.framework */ = {isa = PBXFileReference; name = "ImageIO.framework"; path = "System/Library/Frameworks/ImageIO.framework"; sourceTree = SDKROOT; fileEncoding = undefined; lastKnownFileType = wrapper.framework; explicitFileType = undefined; includeInIndex = 0; };
		8D03899938F5467299D4125B /* CoreLocation.framework */ = {isa = PBXFileReference; name = "CoreLocation.framework"; path = "System/Library/Frameworks/CoreLocation.framework"; sourceTree = SDKROOT; fileEncoding = undefined; lastKnownFileType = wrapper.framework; explicitFileType = undefined; includeInIndex = 0; };
		996B0886907145EFA18596E0 /* AVFoundation.framework */ = {isa = PBXFileReference; name = "AVFoundation.framework"; path = "System/Library/Frameworks/AVFoundation.framework"; sourceTree = SDKROOT; fileEncoding = undefined; lastKnownFileType = wrapper.framework; explicitFileType = undefined; includeInIndex = 0; };
		ED1FB03412C14FCE971A400D /* CDVLogger.m */ = {isa = PBXFileReference; name = "CDVLogger.m"; path = "cordova-plugin-console/CDVLogger.m"; sourceTree = "<group>"; fileEncoding = 4; lastKnownFileType = sourcecode.c.objc; explicitFileType = undefined; includeInIndex = 0; };
		9FD9461B594C4329A788F62D /* CDVLogger.h */ = {isa = PBXFileReference; name = "CDVLogger.h"; path = "cordova-plugin-console/CDVLogger.h"; sourceTree = "<group>"; fileEncoding = 4; lastKnownFileType = sourcecode.c.h; explicitFileType = undefined; includeInIndex = 0; };
		FA4A51B63CAB441F89999BBF /* CDVContacts.m */ = {isa = PBXFileReference; name = "CDVContacts.m"; path = "cordova-plugin-contacts/CDVContacts.m"; sourceTree = "<group>"; fileEncoding = 4; lastKnownFileType = sourcecode.c.objc; explicitFileType = undefined; includeInIndex = 0; };
		F8FC6A635E604CDB8891EF8F /* CDVContact.m */ = {isa = PBXFileReference; name = "CDVContact.m"; path = "cordova-plugin-contacts/CDVContact.m"; sourceTree = "<group>"; fileEncoding = 4; lastKnownFileType = sourcecode.c.objc; explicitFileType = undefined; includeInIndex = 0; };
		2A92400A235F4FBF8E004976 /* CDVContacts.h */ = {isa = PBXFileReference; name = "CDVContacts.h"; path = "cordova-plugin-contacts/CDVContacts.h"; sourceTree = "<group>"; fileEncoding = 4; lastKnownFileType = sourcecode.c.h; explicitFileType = undefined; includeInIndex = 0; };
		59E6514B0F984C0CBDE59CE2 /* CDVContact.h */ = {isa = PBXFileReference; name = "CDVContact.h"; path = "cordova-plugin-contacts/CDVContact.h"; sourceTree = "<group>"; fileEncoding = 4; lastKnownFileType = sourcecode.c.h; explicitFileType = undefined; includeInIndex = 0; };
		D58D0006C7DA49B885E3A4EE /* AddressBook.framework */ = {isa = PBXFileReference; name = "AddressBook.framework"; path = "System/Library/Frameworks/AddressBook.framework"; sourceTree = SDKROOT; fileEncoding = undefined; lastKnownFileType = wrapper.framework; explicitFileType = undefined; includeInIndex = 0; };
		1CB8494337A04376B2A99B10 /* AddressBookUI.framework */ = {isa = PBXFileReference; name = "AddressBookUI.framework"; path = "System/Library/Frameworks/AddressBookUI.framework"; sourceTree = SDKROOT; fileEncoding = undefined; lastKnownFileType = wrapper.framework; explicitFileType = undefined; includeInIndex = 0; };
		AB2CB4633B6C48AF8D1A7BDD /* CDVDevice.m */ = {isa = PBXFileReference; name = "CDVDevice.m"; path = "cordova-plugin-device/CDVDevice.m"; sourceTree = "<group>"; fileEncoding = 4; lastKnownFileType = sourcecode.c.objc; explicitFileType = undefined; includeInIndex = 0; };
		BE009E32013D4EF983EEB9CA /* CDVDevice.h */ = {isa = PBXFileReference; name = "CDVDevice.h"; path = "cordova-plugin-device/CDVDevice.h"; sourceTree = "<group>"; fileEncoding = 4; lastKnownFileType = sourcecode.c.h; explicitFileType = undefined; includeInIndex = 0; };
		F143148B0092463397FF2265 /* CDVAccelerometer.m */ = {isa = PBXFileReference; name = "CDVAccelerometer.m"; path = "cordova-plugin-device-motion/CDVAccelerometer.m"; sourceTree = "<group>"; fileEncoding = 4; lastKnownFileType = sourcecode.c.objc; explicitFileType = undefined; includeInIndex = 0; };
		C5C443F01AB24A7689CE2721 /* CDVAccelerometer.h */ = {isa = PBXFileReference; name = "CDVAccelerometer.h"; path = "cordova-plugin-device-motion/CDVAccelerometer.h"; sourceTree = "<group>"; fileEncoding = 4; lastKnownFileType = sourcecode.c.h; explicitFileType = undefined; includeInIndex = 0; };
		863F8804490947CDBD20F882 /* CoreMotion.framework */ = {isa = PBXFileReference; name = "CoreMotion.framework"; path = "System/Library/Frameworks/CoreMotion.framework"; sourceTree = SDKROOT; fileEncoding = undefined; lastKnownFileType = wrapper.framework; explicitFileType = undefined; includeInIndex = 0; };
		54F15E29E23E4B9F92E4BDE2 /* CDVCompass.m */ = {isa = PBXFileReference; name = "CDVCompass.m"; path = "cordova-plugin-device-orientation/CDVCompass.m"; sourceTree = "<group>"; fileEncoding = 4; lastKnownFileType = sourcecode.c.objc; explicitFileType = undefined; includeInIndex = 0; };
		DDEB03310B4C44018CBA72CF /* CDVCompass.h */ = {isa = PBXFileReference; name = "CDVCompass.h"; path = "cordova-plugin-device-orientation/CDVCompass.h"; sourceTree = "<group>"; fileEncoding = 4; lastKnownFileType = sourcecode.c.h; explicitFileType = undefined; includeInIndex = 0; };
		14B9437A4F5F4551A46F6648 /* CDVNotification.m */ = {isa = PBXFileReference; name = "CDVNotification.m"; path = "cordova-plugin-dialogs/CDVNotification.m"; sourceTree = "<group>"; fileEncoding = 4; lastKnownFileType = sourcecode.c.objc; explicitFileType = undefined; includeInIndex = 0; };
		12FF4BD8F821411E9F9477DF /* CDVNotification.h */ = {isa = PBXFileReference; name = "CDVNotification.h"; path = "cordova-plugin-dialogs/CDVNotification.h"; sourceTree = "<group>"; fileEncoding = 4; lastKnownFileType = sourcecode.c.h; explicitFileType = undefined; includeInIndex = 0; };
		858242828EB14550BAF927C1 /* CDVNotification.bundle */ = {isa = PBXFileReference; name = "CDVNotification.bundle"; path = "CDVNotification.bundle"; sourceTree = "<group>"; fileEncoding = undefined; lastKnownFileType = wrapper.plug-in; explicitFileType = undefined; includeInIndex = 0; };
		CD8B812D24F640C0B937408E /* AudioToolbox.framework */ = {isa = PBXFileReference; name = "AudioToolbox.framework"; path = "System/Library/Frameworks/AudioToolbox.framework"; sourceTree = SDKROOT; fileEncoding = undefined; lastKnownFileType = wrapper.framework; explicitFileType = undefined; includeInIndex = 0; };
		989A5312F40C4B1784901152 /* CDVFile.m */ = {isa = PBXFileReference; name = "CDVFile.m"; path = "cordova-plugin-file/CDVFile.m"; sourceTree = "<group>"; fileEncoding = 4; lastKnownFileType = sourcecode.c.objc; explicitFileType = undefined; includeInIndex = 0; };
		8AFF085BBFF04890B46A1A92 /* CDVLocalFilesystem.m */ = {isa = PBXFileReference; name = "CDVLocalFilesystem.m"; path = "cordova-plugin-file/CDVLocalFilesystem.m"; sourceTree = "<group>"; fileEncoding = 4; lastKnownFileType = sourcecode.c.objc; explicitFileType = undefined; includeInIndex = 0; };
		16F16E35031A4A5882CB45D0 /* CDVAssetLibraryFilesystem.m */ = {isa = PBXFileReference; name = "CDVAssetLibraryFilesystem.m"; path = "cordova-plugin-file/CDVAssetLibraryFilesystem.m"; sourceTree = "<group>"; fileEncoding = 4; lastKnownFileType = sourcecode.c.objc; explicitFileType = undefined; includeInIndex = 0; };
		E6AB041A51C94BC6A5D3C77D /* CDVFile.h */ = {isa = PBXFileReference; name = "CDVFile.h"; path = "cordova-plugin-file/CDVFile.h"; sourceTree = "<group>"; fileEncoding = 4; lastKnownFileType = sourcecode.c.h; explicitFileType = undefined; includeInIndex = 0; };
		16739BA7770445CAAEB8AC8E /* CDVLocalFilesystem.h */ = {isa = PBXFileReference; name = "CDVLocalFilesystem.h"; path = "cordova-plugin-file/CDVLocalFilesystem.h"; sourceTree = "<group>"; fileEncoding = 4; lastKnownFileType = sourcecode.c.h; explicitFileType = undefined; includeInIndex = 0; };
		AAB8253F2B3847C3B454688A /* CDVAssetLibraryFilesystem.h */ = {isa = PBXFileReference; name = "CDVAssetLibraryFilesystem.h"; path = "cordova-plugin-file/CDVAssetLibraryFilesystem.h"; sourceTree = "<group>"; fileEncoding = 4; lastKnownFileType = sourcecode.c.h; explicitFileType = undefined; includeInIndex = 0; };
		80061F8461214E04AFDC1BAE /* CDVFileTransfer.m */ = {isa = PBXFileReference; name = "CDVFileTransfer.m"; path = "cordova-plugin-file-transfer/CDVFileTransfer.m"; sourceTree = "<group>"; fileEncoding = 4; lastKnownFileType = sourcecode.c.objc; explicitFileType = undefined; includeInIndex = 0; };
		C781317DBE6C426B98FD3171 /* CDVFileTransfer.h */ = {isa = PBXFileReference; name = "CDVFileTransfer.h"; path = "cordova-plugin-file-transfer/CDVFileTransfer.h"; sourceTree = "<group>"; fileEncoding = 4; lastKnownFileType = sourcecode.c.h; explicitFileType = undefined; includeInIndex = 0; };
		456A100139034F93B1071BB7 /* CDVLocation.m */ = {isa = PBXFileReference; name = "CDVLocation.m"; path = "cordova-plugin-geolocation/CDVLocation.m"; sourceTree = "<group>"; fileEncoding = 4; lastKnownFileType = sourcecode.c.objc; explicitFileType = undefined; includeInIndex = 0; };
		E0B4261FD48441F89B950DE3 /* CDVLocation.h */ = {isa = PBXFileReference; name = "CDVLocation.h"; path = "cordova-plugin-geolocation/CDVLocation.h"; sourceTree = "<group>"; fileEncoding = 4; lastKnownFileType = sourcecode.c.h; explicitFileType = undefined; includeInIndex = 0; };
		B344F78AB4134338BB42CC0C /* CDVGlobalization.m */ = {isa = PBXFileReference; name = "CDVGlobalization.m"; path = "cordova-plugin-globalization/CDVGlobalization.m"; sourceTree = "<group>"; fileEncoding = 4; lastKnownFileType = sourcecode.c.objc; explicitFileType = undefined; includeInIndex = 0; };
		38D878E6DE9B46118E59DD24 /* CDVGlobalization.h */ = {isa = PBXFileReference; name = "CDVGlobalization.h"; path = "cordova-plugin-globalization/CDVGlobalization.h"; sourceTree = "<group>"; fileEncoding = 4; lastKnownFileType = sourcecode.c.h; explicitFileType = undefined; includeInIndex = 0; };
		8359FE46D6EA45EDA8DC9DBC /* CDVInAppBrowser.m */ = {isa = PBXFileReference; name = "CDVInAppBrowser.m"; path = "cordova-plugin-inappbrowser/CDVInAppBrowser.m"; sourceTree = "<group>"; fileEncoding = 4; lastKnownFileType = sourcecode.c.objc; explicitFileType = undefined; includeInIndex = 0; };
		CF81FD39B51D4245B741CAAE /* CDVInAppBrowser.h */ = {isa = PBXFileReference; name = "CDVInAppBrowser.h"; path = "cordova-plugin-inappbrowser/CDVInAppBrowser.h"; sourceTree = "<group>"; fileEncoding = 4; lastKnownFileType = sourcecode.c.h; explicitFileType = undefined; includeInIndex = 0; };
		0E81D6D5A168495B95FABC2D /* CDVSound.m */ = {isa = PBXFileReference; name = "CDVSound.m"; path = "cordova-plugin-media/CDVSound.m"; sourceTree = "<group>"; fileEncoding = 4; lastKnownFileType = sourcecode.c.objc; explicitFileType = undefined; includeInIndex = 0; };
		818908FE83274D9F8874D69A /* CDVSound.h */ = {isa = PBXFileReference; name = "CDVSound.h"; path = "cordova-plugin-media/CDVSound.h"; sourceTree = "<group>"; fileEncoding = 4; lastKnownFileType = sourcecode.c.h; explicitFileType = undefined; includeInIndex = 0; };
		BB12479BC6A344EB9119CA14 /* CDVCapture.m */ = {isa = PBXFileReference; name = "CDVCapture.m"; path = "cordova-plugin-media-capture/CDVCapture.m"; sourceTree = "<group>"; fileEncoding = 4; lastKnownFileType = sourcecode.c.objc; explicitFileType = undefined; includeInIndex = 0; };
		96BAFD0E31084E45BEB6593E /* CDVCapture.h */ = {isa = PBXFileReference; name = "CDVCapture.h"; path = "cordova-plugin-media-capture/CDVCapture.h"; sourceTree = "<group>"; fileEncoding = 4; lastKnownFileType = sourcecode.c.h; explicitFileType = undefined; includeInIndex = 0; };
		96315E8C98B1432E93D4E290 /* CDVCapture.bundle */ = {isa = PBXFileReference; name = "CDVCapture.bundle"; path = "CDVCapture.bundle"; sourceTree = "<group>"; fileEncoding = undefined; lastKnownFileType = wrapper.plug-in; explicitFileType = undefined; includeInIndex = 0; };
		58842BE86F0848BF89314A2C /* CDVConnection.m */ = {isa = PBXFileReference; name = "CDVConnection.m"; path = "cordova-plugin-network-information/CDVConnection.m"; sourceTree = "<group>"; fileEncoding = 4; lastKnownFileType = sourcecode.c.objc; explicitFileType = undefined; includeInIndex = 0; };
		4E2FC8DF9AB64BBAB722F954 /* CDVReachability.m */ = {isa = PBXFileReference; name = "CDVReachability.m"; path = "cordova-plugin-network-information/CDVReachability.m"; sourceTree = "<group>"; fileEncoding = 4; lastKnownFileType = sourcecode.c.objc; explicitFileType = undefined; includeInIndex = 0; };
		AFE385BA0DA74004A3118A1A /* CDVConnection.h */ = {isa = PBXFileReference; name = "CDVConnection.h"; path = "cordova-plugin-network-information/CDVConnection.h"; sourceTree = "<group>"; fileEncoding = 4; lastKnownFileType = sourcecode.c.h; explicitFileType = undefined; includeInIndex = 0; };
		00396CEF4A544E23A147F957 /* CDVReachability.h */ = {isa = PBXFileReference; name = "CDVReachability.h"; path = "cordova-plugin-network-information/CDVReachability.h"; sourceTree = "<group>"; fileEncoding = 4; lastKnownFileType = sourcecode.c.h; explicitFileType = undefined; includeInIndex = 0; };
		1BC6F7BA682048759F66A5AA /* SystemConfiguration.framework */ = {isa = PBXFileReference; name = "SystemConfiguration.framework"; path = "System/Library/Frameworks/SystemConfiguration.framework"; sourceTree = SDKROOT; fileEncoding = undefined; lastKnownFileType = wrapper.framework; explicitFileType = undefined; includeInIndex = 0; };
		7F4C09AAF3CC4FCE9B789BF6 /* CoreTelephony.framework */ = {isa = PBXFileReference; name = "CoreTelephony.framework"; path = "System/Library/Frameworks/CoreTelephony.framework"; sourceTree = SDKROOT; fileEncoding = undefined; lastKnownFileType = wrapper.framework; explicitFileType = undefined; includeInIndex = 0; };
		937BE4D0D1444A05B7135DA2 /* CDVSplashScreen.m */ = {isa = PBXFileReference; name = "CDVSplashScreen.m"; path = "cordova-plugin-splashscreen/CDVSplashScreen.m"; sourceTree = "<group>"; fileEncoding = 4; lastKnownFileType = sourcecode.c.objc; explicitFileType = undefined; includeInIndex = 0; };
		FBEEF5F4678C4A2EB1C2D6D1 /* CDVViewController+SplashScreen.m */ = {isa = PBXFileReference; name = "CDVViewController+SplashScreen.m"; path = "cordova-plugin-splashscreen/CDVViewController+SplashScreen.m"; sourceTree = "<group>"; fileEncoding = 4; lastKnownFileType = sourcecode.c.objc; explicitFileType = undefined; includeInIndex = 0; };
		B314918F44464C7B84E147D2 /* CDVSplashScreen.h */ = {isa = PBXFileReference; name = "CDVSplashScreen.h"; path = "cordova-plugin-splashscreen/CDVSplashScreen.h"; sourceTree = "<group>"; fileEncoding = 4; lastKnownFileType = sourcecode.c.h; explicitFileType = undefined; includeInIndex = 0; };
		6D274CCAC036402D87978462 /* CDVViewController+SplashScreen.h */ = {isa = PBXFileReference; name = "CDVViewController+SplashScreen.h"; path = "cordova-plugin-splashscreen/CDVViewController+SplashScreen.h"; sourceTree = "<group>"; fileEncoding = 4; lastKnownFileType = sourcecode.c.h; explicitFileType = undefined; includeInIndex = 0; };
		40C3DC474A4A4F669DE1FE99 /* CDVStatusBar.m */ = {isa = PBXFileReference; name = "CDVStatusBar.m"; path = "cordova-plugin-statusbar/CDVStatusBar.m"; sourceTree = "<group>"; fileEncoding = 4; lastKnownFileType = sourcecode.c.objc; explicitFileType = undefined; includeInIndex = 0; };
		7F6F093A908941E69A5FEEAF /* CDVStatusBar.h */ = {isa = PBXFileReference; name = "CDVStatusBar.h"; path = "cordova-plugin-statusbar/CDVStatusBar.h"; sourceTree = "<group>"; fileEncoding = 4; lastKnownFileType = sourcecode.c.h; explicitFileType = undefined; includeInIndex = 0; };
		3B43C87503FC4BD6AC29A5B8 /* CDVVibration.m */ = {isa = PBXFileReference; name = "CDVVibration.m"; path = "cordova-plugin-vibration/CDVVibration.m"; sourceTree = "<group>"; fileEncoding = 4; lastKnownFileType = sourcecode.c.objc; explicitFileType = undefined; includeInIndex = 0; };
		6BB45F28C32A445AA8D7C9EC /* CDVVibration.h */ = {isa = PBXFileReference; name = "CDVVibration.h"; path = "cordova-plugin-vibration/CDVVibration.h"; sourceTree = "<group>"; fileEncoding = 4; lastKnownFileType = sourcecode.c.h; explicitFileType = undefined; includeInIndex = 0; };
/* End PBXFileReference section */

/* Begin PBXFrameworksBuildPhase section */
		1D60588F0D05DD3D006BFB54 /* Frameworks */ = {
			isa = PBXFrameworksBuildPhase;
			buildActionMask = 2147483647;
			files = (
				301BF552109A68D80062928A /* libCordova.a in Frameworks */,
				3BD410F582CA496EA80658F9 /* ImageIO.framework in Frameworks */,
				51E6763E1102485C94D91685 /* CoreLocation.framework in Frameworks */,
				F5A494810DFE4BD8B285B473 /* AVFoundation.framework in Frameworks */,
				58DCF01F5EC84DCEB4E3AF02 /* AddressBook.framework in Frameworks */,
				BACC5AF8F54D475494649691 /* AddressBookUI.framework in Frameworks */,
				00441ADBA7AE4669BD94CBC4 /* CoreMotion.framework in Frameworks */,
				6CD8A9047AA946238724FA84 /* AudioToolbox.framework in Frameworks */,
				67B61BD6834D4F33B46D7A13 /* SystemConfiguration.framework in Frameworks */,
				B38A21989F6045DBA95E694B /* CoreTelephony.framework in Frameworks */,
			);
			runOnlyForDeploymentPostprocessing = 0;
		};
/* End PBXFrameworksBuildPhase section */

/* Begin PBXGroup section */
		080E96DDFE201D6D7F000001 /* Classes */ = {
			isa = PBXGroup;
			children = (
				302D95EE14D2391D003F00A1 /* MainViewController.h */,
				302D95EF14D2391D003F00A1 /* MainViewController.m */,
				302D95F014D2391D003F00A1 /* MainViewController.xib */,
				1D3623240D0F684500981E51 /* AppDelegate.h */,
				1D3623250D0F684500981E51 /* AppDelegate.m */,
			);
			name = Classes;
			path = "Phonegap Vueify/Classes";
			sourceTree = SOURCE_ROOT;
		};
		19C28FACFE9D520D11CA2CBB /* Products */ = {
			isa = PBXGroup;
			children = (
				1D6058910D05DD3D006BFB54 /* Phonegap Vueify.app */,
			);
			name = Products;
			sourceTree = "<group>";
		};
		29B97314FDCFA39411CA2CEA /* CustomTemplate */ = {
			isa = PBXGroup;
			children = (
				EB87FDF41871DAF40020F90C /* config.xml */,
				EB87FDF31871DA8E0020F90C /* www */,
				EB87FDF11871DA420020F90C /* Staging */,
				301BF52D109A57CC0062928A /* CordovaLib.xcodeproj */,
				080E96DDFE201D6D7F000001 /* Classes */,
				307C750510C5A3420062BCA9 /* Plugins */,
				29B97315FDCFA39411CA2CEA /* Other Sources */,
				29B97317FDCFA39411CA2CEA /* Resources */,
				29B97323FDCFA39411CA2CEA /* Frameworks */,
				19C28FACFE9D520D11CA2CBB /* Products */,
			);
			name = CustomTemplate;
			sourceTree = "<group>";
		};
		29B97315FDCFA39411CA2CEA /* Other Sources */ = {
			isa = PBXGroup;
			children = (
				32CA4F630368D1EE00C91783 /* Phonegap Vueify-Prefix.pch */,
				29B97316FDCFA39411CA2CEA /* main.m */,
				ED33DF2A687741AEAF9F8254 /* Bridging-Header.h */,
			);
			name = "Other Sources";
			path = "Phonegap Vueify";
			sourceTree = "<group>";
		};
		29B97317FDCFA39411CA2CEA /* Resources */ = {
			isa = PBXGroup;
			children = (
				0207DA571B56EA530066E2B4 /* Images.xcassets */,
				3047A50E1AB8057F00498E2A /* config */,
				8D1107310486CEB800E47090 /* Phonegap Vueify-Info.plist */,
				6AFF5BF81D6E424B00AB3073 /* CDVLaunchScreen.storyboard */,
				858242828EB14550BAF927C1 /* CDVNotification.bundle */,
				96315E8C98B1432E93D4E290 /* CDVCapture.bundle */,
			);
			name = Resources;
			path = "Phonegap Vueify/Resources";
			sourceTree = "<group>";
		};
		29B97323FDCFA39411CA2CEA /* Frameworks */ = {
			isa = PBXGroup;
			children = (
				251FF2E00A8246D081790CEB /* ImageIO.framework */,
				8D03899938F5467299D4125B /* CoreLocation.framework */,
				996B0886907145EFA18596E0 /* AVFoundation.framework */,
				D58D0006C7DA49B885E3A4EE /* AddressBook.framework */,
				1CB8494337A04376B2A99B10 /* AddressBookUI.framework */,
				863F8804490947CDBD20F882 /* CoreMotion.framework */,
				CD8B812D24F640C0B937408E /* AudioToolbox.framework */,
				1BC6F7BA682048759F66A5AA /* SystemConfiguration.framework */,
				7F4C09AAF3CC4FCE9B789BF6 /* CoreTelephony.framework */,
			);
			name = Frameworks;
			sourceTree = "<group>";
		};
		301BF52E109A57CC0062928A /* Products */ = {
			isa = PBXGroup;
			children = (
				301BF535109A57CC0062928A /* libCordova.a */,
			);
			name = Products;
			sourceTree = "<group>";
		};
		3047A50E1AB8057F00498E2A /* config */ = {
			isa = PBXGroup;
			children = (
				3047A50F1AB8059700498E2A /* build-debug.xcconfig */,
				3047A5101AB8059700498E2A /* build-release.xcconfig */,
				3047A5111AB8059700498E2A /* build.xcconfig */,
			);
			name = config;
			sourceTree = "<group>";
		};
		307C750510C5A3420062BCA9 /* Plugins */ = {
			isa = PBXGroup;
			children = (
				E42DC5A5D64142D681166FBE /* CDVBattery.m */,
				A3972F967708406A9A2FA5CA /* CDVBattery.h */,
				BE478D86EB5A4AF4B9F87CB2 /* UIImage+CropScaleOrientation.m */,
				ABD9BF437DE844C587B4FB9E /* CDVCamera.m */,
				F4FAEF4B282D444B85EC3404 /* CDVJpegHeaderWriter.m */,
				529D1370321C4272911D4E99 /* UIImage+CropScaleOrientation.h */,
				FF2A390DADC14797B444F146 /* CDVCamera.h */,
				E232C47918814E8B8A228ED8 /* CDVJpegHeaderWriter.h */,
				4605ACF8F88841328BBD225C /* CDVExif.h */,
				ED1FB03412C14FCE971A400D /* CDVLogger.m */,
				9FD9461B594C4329A788F62D /* CDVLogger.h */,
				FA4A51B63CAB441F89999BBF /* CDVContacts.m */,
				F8FC6A635E604CDB8891EF8F /* CDVContact.m */,
				2A92400A235F4FBF8E004976 /* CDVContacts.h */,
				59E6514B0F984C0CBDE59CE2 /* CDVContact.h */,
				AB2CB4633B6C48AF8D1A7BDD /* CDVDevice.m */,
				BE009E32013D4EF983EEB9CA /* CDVDevice.h */,
				F143148B0092463397FF2265 /* CDVAccelerometer.m */,
				C5C443F01AB24A7689CE2721 /* CDVAccelerometer.h */,
				54F15E29E23E4B9F92E4BDE2 /* CDVCompass.m */,
				DDEB03310B4C44018CBA72CF /* CDVCompass.h */,
				14B9437A4F5F4551A46F6648 /* CDVNotification.m */,
				12FF4BD8F821411E9F9477DF /* CDVNotification.h */,
				989A5312F40C4B1784901152 /* CDVFile.m */,
				8AFF085BBFF04890B46A1A92 /* CDVLocalFilesystem.m */,
				16F16E35031A4A5882CB45D0 /* CDVAssetLibraryFilesystem.m */,
				E6AB041A51C94BC6A5D3C77D /* CDVFile.h */,
				16739BA7770445CAAEB8AC8E /* CDVLocalFilesystem.h */,
				AAB8253F2B3847C3B454688A /* CDVAssetLibraryFilesystem.h */,
				80061F8461214E04AFDC1BAE /* CDVFileTransfer.m */,
				C781317DBE6C426B98FD3171 /* CDVFileTransfer.h */,
				456A100139034F93B1071BB7 /* CDVLocation.m */,
				E0B4261FD48441F89B950DE3 /* CDVLocation.h */,
				B344F78AB4134338BB42CC0C /* CDVGlobalization.m */,
				38D878E6DE9B46118E59DD24 /* CDVGlobalization.h */,
				8359FE46D6EA45EDA8DC9DBC /* CDVInAppBrowser.m */,
				CF81FD39B51D4245B741CAAE /* CDVInAppBrowser.h */,
				0E81D6D5A168495B95FABC2D /* CDVSound.m */,
				818908FE83274D9F8874D69A /* CDVSound.h */,
				BB12479BC6A344EB9119CA14 /* CDVCapture.m */,
				96BAFD0E31084E45BEB6593E /* CDVCapture.h */,
				58842BE86F0848BF89314A2C /* CDVConnection.m */,
				4E2FC8DF9AB64BBAB722F954 /* CDVReachability.m */,
				AFE385BA0DA74004A3118A1A /* CDVConnection.h */,
				00396CEF4A544E23A147F957 /* CDVReachability.h */,
				937BE4D0D1444A05B7135DA2 /* CDVSplashScreen.m */,
				FBEEF5F4678C4A2EB1C2D6D1 /* CDVViewController+SplashScreen.m */,
				B314918F44464C7B84E147D2 /* CDVSplashScreen.h */,
				6D274CCAC036402D87978462 /* CDVViewController+SplashScreen.h */,
				40C3DC474A4A4F669DE1FE99 /* CDVStatusBar.m */,
				7F6F093A908941E69A5FEEAF /* CDVStatusBar.h */,
				3B43C87503FC4BD6AC29A5B8 /* CDVVibration.m */,
				6BB45F28C32A445AA8D7C9EC /* CDVVibration.h */,
			);
			name = Plugins;
			path = "Phonegap Vueify/Plugins";
			sourceTree = SOURCE_ROOT;
		};
		EB87FDF11871DA420020F90C /* Staging */ = {
			isa = PBXGroup;
			children = (
				F840E1F0165FE0F500CFE078 /* config.xml */,
				301BF56E109A69640062928A /* www */,
			);
			name = Staging;
			sourceTree = "<group>";
		};
/* End PBXGroup section */

/* Begin PBXNativeTarget section */
		1D6058900D05DD3D006BFB54 /* Phonegap Vueify */ = {
			isa = PBXNativeTarget;
			buildConfigurationList = 1D6058960D05DD3E006BFB54 /* Build configuration list for PBXNativeTarget "Phonegap Vueify" */;
			buildPhases = (
				304B58A110DAC018002A0835 /* Copy www directory */,
				1D60588D0D05DD3D006BFB54 /* Resources */,
				1D60588E0D05DD3D006BFB54 /* Sources */,
				1D60588F0D05DD3D006BFB54 /* Frameworks */,
			);
			buildRules = (
			);
			dependencies = (
				301BF551109A68C00062928A /* PBXTargetDependency */,
			);
			name = "Phonegap Vueify";
			productName = "Phonegap Vueify";
			productReference = 1D6058910D05DD3D006BFB54 /* Phonegap Vueify.app */;
			productType = "com.apple.product-type.application";
		};
/* End PBXNativeTarget section */

/* Begin PBXProject section */
		29B97313FDCFA39411CA2CEA /* Project object */ = {
			isa = PBXProject;
			attributes = {
				LastUpgradeCheck = 510;
			};
			buildConfigurationList = C01FCF4E08A954540054247B /* Build configuration list for PBXProject "__NON-CLI__" */;
			compatibilityVersion = "Xcode 3.2";
			developmentRegion = English;
			hasScannedForEncodings = 1;
			mainGroup = 29B97314FDCFA39411CA2CEA /* CustomTemplate */;
			projectDirPath = "";
			projectReferences = (
				{
					ProductGroup = 301BF52E109A57CC0062928A /* Products */;
					ProjectRef = 301BF52D109A57CC0062928A /* CordovaLib.xcodeproj */;
				},
			);
			projectRoot = "";
			targets = (
				1D6058900D05DD3D006BFB54 /* Phonegap Vueify */,
			);
		};
/* End PBXProject section */

/* Begin PBXReferenceProxy section */
		301BF535109A57CC0062928A /* libCordova.a */ = {
			isa = PBXReferenceProxy;
			fileType = archive.ar;
			path = libCordova.a;
			remoteRef = 301BF534109A57CC0062928A /* PBXContainerItemProxy */;
			sourceTree = BUILT_PRODUCTS_DIR;
		};
/* End PBXReferenceProxy section */

/* Begin PBXResourcesBuildPhase section */
		1D60588D0D05DD3D006BFB54 /* Resources */ = {
			isa = PBXResourcesBuildPhase;
			buildActionMask = 2147483647;
			files = (
				302D95F214D2391D003F00A1 /* MainViewController.xib in Resources */,
				0207DA581B56EA530066E2B4 /* Images.xcassets in Resources */,
				6AFF5BF91D6E424B00AB3073 /* CDVLaunchScreen.storyboard in Resources */,
				D6E73AD0B7124B888A4C2225 /* CDVNotification.bundle in Resources */,
				E29E97C08F764645B560E215 /* CDVCapture.bundle in Resources */,
			);
			runOnlyForDeploymentPostprocessing = 0;
		};
/* End PBXResourcesBuildPhase section */

/* Begin PBXShellScriptBuildPhase section */
		304B58A110DAC018002A0835 /* Copy www directory */ = {
			isa = PBXShellScriptBuildPhase;
			buildActionMask = 2147483647;
			files = (
			);
			inputPaths = (
			);
			name = "Copy www directory";
			outputPaths = (
			);
			runOnlyForDeploymentPostprocessing = 0;
			shellPath = /bin/sh;
			shellScript = "NODEJS_PATH=/usr/local/bin; NVM_NODE_PATH=~/.nvm/versions/node/`nvm version 2>/dev/null`/bin; N_NODE_PATH=`find /usr/local/n/versions/node/* -maxdepth 0 -type d 2>/dev/null | tail -1`/bin; XCODE_NODE_PATH=`xcode-select --print-path`/usr/share/xcs/Node/bin; PATH=$NODEJS_PATH:$NVM_NODE_PATH:$N_NODE_PATH:$XCODE_NODE_PATH:$PATH && node cordova/lib/copy-www-build-step.js";
			showEnvVarsInLog = 0;
		};
/* End PBXShellScriptBuildPhase section */

/* Begin PBXSourcesBuildPhase section */
		1D60588E0D05DD3D006BFB54 /* Sources */ = {
			isa = PBXSourcesBuildPhase;
			buildActionMask = 2147483647;
			files = (
				1D60589B0D05DD56006BFB54 /* main.m in Sources */,
				1D3623260D0F684500981E51 /* AppDelegate.m in Sources */,
				302D95F114D2391D003F00A1 /* MainViewController.m in Sources */,
				1568C3895F204C79A60C8918 /* CDVBattery.m in Sources */,
				9E79B94B79D5443AA761ADF5 /* UIImage+CropScaleOrientation.m in Sources */,
				C39B4FDB2CD2443CB95FB865 /* CDVCamera.m in Sources */,
				2E44824175C3436EB8187AD2 /* CDVJpegHeaderWriter.m in Sources */,
				DA945F4295C54CC4B57B236D /* CDVLogger.m in Sources */,
				90B15BBEDB294810A2810BB5 /* CDVContacts.m in Sources */,
				F64B18EDF33A455C9BCECBB9 /* CDVContact.m in Sources */,
				A2C19A1469E34D0F93D186C0 /* CDVDevice.m in Sources */,
				880FD322AF18485F9F4D9BCD /* CDVAccelerometer.m in Sources */,
				024C45646A484372B8D720BA /* CDVCompass.m in Sources */,
				CD115C4E929443E79CD61CC5 /* CDVNotification.m in Sources */,
				1E3B91B9C799410E97D0D045 /* CDVFile.m in Sources */,
				5B760D25B61A4280A5A0C33E /* CDVLocalFilesystem.m in Sources */,
				8BEF4ADA82ED4D66BA190324 /* CDVAssetLibraryFilesystem.m in Sources */,
				96BD6088FFF143F083325B09 /* CDVFileTransfer.m in Sources */,
				B5F78D22F0D442E6BF4CD487 /* CDVLocation.m in Sources */,
				F6C22EA88778492B8313E852 /* CDVGlobalization.m in Sources */,
				77E0ECA4B4114EECB5FB5390 /* CDVInAppBrowser.m in Sources */,
				FB476AD9FBB94FBFBF59CDCA /* CDVSound.m in Sources */,
				CBB55123B59541C6B5E123B7 /* CDVCapture.m in Sources */,
				00623AE503484CA5AA22C77A /* CDVConnection.m in Sources */,
				445586A89F894C9B8DEFA07B /* CDVReachability.m in Sources */,
				0D551D74805146878FFD8783 /* CDVSplashScreen.m in Sources */,
				EF293B9E61744FC3A8CF22BE /* CDVViewController+SplashScreen.m in Sources */,
				5D108200FE4B48D5ADC212BB /* CDVStatusBar.m in Sources */,
				2B1D331C74B0482EBE402F1B /* CDVVibration.m in Sources */,
			);
			runOnlyForDeploymentPostprocessing = 0;
		};
/* End PBXSourcesBuildPhase section */

/* Begin PBXTargetDependency section */
		301BF551109A68C00062928A /* PBXTargetDependency */ = {
			isa = PBXTargetDependency;
			name = CordovaLib;
			targetProxy = 301BF550109A68C00062928A /* PBXContainerItemProxy */;
		};
/* End PBXTargetDependency section */

/* Begin XCBuildConfiguration section */
		1D6058940D05DD3E006BFB54 /* Debug */ = {
			isa = XCBuildConfiguration;
			baseConfigurationReference = 3047A50F1AB8059700498E2A /* build-debug.xcconfig */;
			buildSettings = {
				ALWAYS_SEARCH_USER_PATHS = NO;
				ASSETCATALOG_COMPILER_APPICON_NAME = AppIcon;
				ASSETCATALOG_COMPILER_LAUNCHIMAGE_NAME = LaunchImage;
				CLANG_ENABLE_MODULES = YES;
				CLANG_ENABLE_OBJC_ARC = YES;
				COPY_PHASE_STRIP = NO;
				GCC_DYNAMIC_NO_PIC = NO;
				GCC_OPTIMIZATION_LEVEL = 0;
				GCC_PRECOMPILE_PREFIX_HEADER = YES;
				GCC_PREFIX_HEADER = "Phonegap Vueify/Phonegap Vueify-Prefix.pch";
				GCC_THUMB_SUPPORT = NO;
				GCC_VERSION = "";
				INFOPLIST_FILE = "Phonegap Vueify/Phonegap Vueify-Info.plist";
				IPHONEOS_DEPLOYMENT_TARGET = 8.0;
				LD_RUNPATH_SEARCH_PATHS = "@executable_path/Frameworks";
				TARGETED_DEVICE_FAMILY = "1,2";
				PRODUCT_NAME = "Phonegap Vueify";
			};
			name = Debug;
		};
		1D6058950D05DD3E006BFB54 /* Release */ = {
			isa = XCBuildConfiguration;
			baseConfigurationReference = 3047A5101AB8059700498E2A /* build-release.xcconfig */;
			buildSettings = {
				ALWAYS_SEARCH_USER_PATHS = NO;
				ASSETCATALOG_COMPILER_APPICON_NAME = AppIcon;
				ASSETCATALOG_COMPILER_LAUNCHIMAGE_NAME = LaunchImage;
				CLANG_ENABLE_MODULES = YES;
				CLANG_ENABLE_OBJC_ARC = YES;
				COPY_PHASE_STRIP = YES;
				GCC_PRECOMPILE_PREFIX_HEADER = YES;
				GCC_PREFIX_HEADER = "Phonegap Vueify/Phonegap Vueify-Prefix.pch";
				GCC_THUMB_SUPPORT = NO;
				GCC_VERSION = "";
				INFOPLIST_FILE = "Phonegap Vueify/Phonegap Vueify-Info.plist";
				IPHONEOS_DEPLOYMENT_TARGET = 8.0;
				LD_RUNPATH_SEARCH_PATHS = "@executable_path/Frameworks";
				TARGETED_DEVICE_FAMILY = "1,2";
				PRODUCT_NAME = "Phonegap Vueify";
			};
			name = Release;
		};
		C01FCF4F08A954540054247B /* Debug */ = {
			isa = XCBuildConfiguration;
			baseConfigurationReference = 3047A5111AB8059700498E2A /* build.xcconfig */;
			buildSettings = {
				CLANG_ENABLE_MODULES = YES;
				CLANG_ENABLE_OBJC_ARC = YES;
				CLANG_WARN_BOOL_CONVERSION = YES;
				CLANG_WARN_CONSTANT_CONVERSION = YES;
				CLANG_WARN_EMPTY_BODY = YES;
				CLANG_WARN_ENUM_CONVERSION = YES;
				CLANG_WARN_INT_CONVERSION = YES;
				CLANG_WARN__DUPLICATE_METHOD_MATCH = YES;
				GCC_C_LANGUAGE_STANDARD = c99;
				GCC_THUMB_SUPPORT = NO;
				GCC_VERSION = "";
				GCC_WARN_ABOUT_RETURN_TYPE = YES;
				GCC_WARN_UNDECLARED_SELECTOR = YES;
				GCC_WARN_UNINITIALIZED_AUTOS = YES;
				GCC_WARN_UNUSED_FUNCTION = YES;
				GCC_WARN_UNUSED_VARIABLE = YES;
				ONLY_ACTIVE_ARCH = YES;
				SDKROOT = iphoneos;
				SKIP_INSTALL = NO;
				TARGETED_DEVICE_FAMILY = "1,2";
				ASSETCATALOG_COMPILER_LAUNCHIMAGE_NAME = LaunchImage;
			};
			name = Debug;
		};
		C01FCF5008A954540054247B /* Release */ = {
			isa = XCBuildConfiguration;
			baseConfigurationReference = 3047A5111AB8059700498E2A /* build.xcconfig */;
			buildSettings = {
				CLANG_ENABLE_MODULES = YES;
				CLANG_ENABLE_OBJC_ARC = YES;
				CLANG_WARN_BOOL_CONVERSION = YES;
				CLANG_WARN_CONSTANT_CONVERSION = YES;
				CLANG_WARN_EMPTY_BODY = YES;
				CLANG_WARN_ENUM_CONVERSION = YES;
				CLANG_WARN_INT_CONVERSION = YES;
				CLANG_WARN__DUPLICATE_METHOD_MATCH = YES;
				GCC_C_LANGUAGE_STANDARD = c99;
				GCC_THUMB_SUPPORT = NO;
				GCC_VERSION = "";
				GCC_WARN_ABOUT_RETURN_TYPE = YES;
				GCC_WARN_UNDECLARED_SELECTOR = YES;
				GCC_WARN_UNINITIALIZED_AUTOS = YES;
				GCC_WARN_UNUSED_FUNCTION = YES;
				GCC_WARN_UNUSED_VARIABLE = YES;
				SDKROOT = iphoneos;
				SKIP_INSTALL = NO;
				TARGETED_DEVICE_FAMILY = "1,2";
				ASSETCATALOG_COMPILER_LAUNCHIMAGE_NAME = LaunchImage;
			};
			name = Release;
		};
/* End XCBuildConfiguration section */

/* Begin XCConfigurationList section */
		1D6058960D05DD3E006BFB54 /* Build configuration list for PBXNativeTarget "Phonegap Vueify" */ = {
			isa = XCConfigurationList;
			buildConfigurations = (
				1D6058940D05DD3E006BFB54 /* Debug */,
				1D6058950D05DD3E006BFB54 /* Release */,
			);
			defaultConfigurationIsVisible = 0;
			defaultConfigurationName = Release;
		};
		C01FCF4E08A954540054247B /* Build configuration list for PBXProject "__NON-CLI__" */ = {
			isa = XCConfigurationList;
			buildConfigurations = (
				C01FCF4F08A954540054247B /* Debug */,
				C01FCF5008A954540054247B /* Release */,
			);
			defaultConfigurationIsVisible = 0;
			defaultConfigurationName = Release;
		};
/* End XCConfigurationList section */
	};
	rootObject = 29B97313FDCFA39411CA2CEA /* Project object */;
}
